// !$*UTF8*$!
{
	archiveVersion = 1;
	classes = {
	};
	objectVersion = 51;
	objects = {

/* Begin PBXBuildFile section */
		0083B82825A441AA0057A714 /* AppDelegate.swift in Sources */ = {isa = PBXBuildFile; fileRef = 0083B82725A441AA0057A714 /* AppDelegate.swift */; };
		0083B82A25A441AA0057A714 /* SceneDelegate.swift in Sources */ = {isa = PBXBuildFile; fileRef = 0083B82925A441AA0057A714 /* SceneDelegate.swift */; };
		0083B82C25A441AA0057A714 /* MainViewController.swift in Sources */ = {isa = PBXBuildFile; fileRef = 0083B82B25A441AA0057A714 /* MainViewController.swift */; };
		0083B82F25A441AA0057A714 /* Main.storyboard in Resources */ = {isa = PBXBuildFile; fileRef = 0083B82D25A441AA0057A714 /* Main.storyboard */; };
		0083B83125A441AC0057A714 /* Assets.xcassets in Resources */ = {isa = PBXBuildFile; fileRef = 0083B83025A441AC0057A714 /* Assets.xcassets */; };
		0083B83425A441AC0057A714 /* LaunchScreen.storyboard in Resources */ = {isa = PBXBuildFile; fileRef = 0083B83225A441AC0057A714 /* LaunchScreen.storyboard */; };
		0083B83E25A44F630057A714 /* MyCoinViewController.swift in Sources */ = {isa = PBXBuildFile; fileRef = 0083B83D25A44F630057A714 /* MyCoinViewController.swift */; };
		00C42A8D25A59683002E9129 /* Extensions.swift in Sources */ = {isa = PBXBuildFile; fileRef = 00C42A8C25A59683002E9129 /* Extensions.swift */; };
		00C42A9E25A75D88002E9129 /* CoinInfoTableViewCell.swift in Sources */ = {isa = PBXBuildFile; fileRef = 00C42A9C25A75D88002E9129 /* CoinInfoTableViewCell.swift */; };
		00C42A9F25A75D88002E9129 /* CoinInfoTableViewCell.xib in Resources */ = {isa = PBXBuildFile; fileRef = 00C42A9D25A75D88002E9129 /* CoinInfoTableViewCell.xib */; };
		00C42AC425A773E3002E9129 /* CoinAPI.swift in Sources */ = {isa = PBXBuildFile; fileRef = 00C42AC325A773E3002E9129 /* CoinAPI.swift */; };
		00C42AC725A77415002E9129 /* Coin.swift in Sources */ = {isa = PBXBuildFile; fileRef = 00C42AC625A77415002E9129 /* Coin.swift */; };
		00C42AD925AB0BBA002E9129 /* MyCoin.swift in Sources */ = {isa = PBXBuildFile; fileRef = 00C42AD825AB0BBA002E9129 /* MyCoin.swift */; };
		36F84B6171E6E6183F8EF4EF /* Pods_LifeCycle.framework in Frameworks */ = {isa = PBXBuildFile; fileRef = 5B475FEA4BEF809F4AA2A549 /* Pods_LifeCycle.framework */; };
/* End PBXBuildFile section */

/* Begin PBXFileReference section */
		0083B82425A441AA0057A714 /* LifeCycle.app */ = {isa = PBXFileReference; explicitFileType = wrapper.application; includeInIndex = 0; path = LifeCycle.app; sourceTree = BUILT_PRODUCTS_DIR; };
		0083B82725A441AA0057A714 /* AppDelegate.swift */ = {isa = PBXFileReference; lastKnownFileType = sourcecode.swift; path = AppDelegate.swift; sourceTree = "<group>"; };
		0083B82925A441AA0057A714 /* SceneDelegate.swift */ = {isa = PBXFileReference; lastKnownFileType = sourcecode.swift; path = SceneDelegate.swift; sourceTree = "<group>"; };
		0083B82B25A441AA0057A714 /* MainViewController.swift */ = {isa = PBXFileReference; lastKnownFileType = sourcecode.swift; path = MainViewController.swift; sourceTree = "<group>"; };
		0083B82E25A441AA0057A714 /* Base */ = {isa = PBXFileReference; lastKnownFileType = file.storyboard; name = Base; path = Base.lproj/Main.storyboard; sourceTree = "<group>"; };
		0083B83025A441AC0057A714 /* Assets.xcassets */ = {isa = PBXFileReference; lastKnownFileType = folder.assetcatalog; path = Assets.xcassets; sourceTree = "<group>"; };
		0083B83325A441AC0057A714 /* Base */ = {isa = PBXFileReference; lastKnownFileType = file.storyboard; name = Base; path = Base.lproj/LaunchScreen.storyboard; sourceTree = "<group>"; };
		0083B83525A441AC0057A714 /* Info.plist */ = {isa = PBXFileReference; lastKnownFileType = text.plist.xml; path = Info.plist; sourceTree = "<group>"; };
		0083B83D25A44F630057A714 /* MyCoinViewController.swift */ = {isa = PBXFileReference; lastKnownFileType = sourcecode.swift; path = MyCoinViewController.swift; sourceTree = "<group>"; };
		00C42A8C25A59683002E9129 /* Extensions.swift */ = {isa = PBXFileReference; lastKnownFileType = sourcecode.swift; path = Extensions.swift; sourceTree = "<group>"; };
		00C42A9C25A75D88002E9129 /* CoinInfoTableViewCell.swift */ = {isa = PBXFileReference; lastKnownFileType = sourcecode.swift; path = CoinInfoTableViewCell.swift; sourceTree = "<group>"; };
		00C42A9D25A75D88002E9129 /* CoinInfoTableViewCell.xib */ = {isa = PBXFileReference; lastKnownFileType = file.xib; path = CoinInfoTableViewCell.xib; sourceTree = "<group>"; };
		00C42AC325A773E3002E9129 /* CoinAPI.swift */ = {isa = PBXFileReference; lastKnownFileType = sourcecode.swift; path = CoinAPI.swift; sourceTree = "<group>"; };
		00C42AC625A77415002E9129 /* Coin.swift */ = {isa = PBXFileReference; lastKnownFileType = sourcecode.swift; path = Coin.swift; sourceTree = "<group>"; };
		00C42AD825AB0BBA002E9129 /* MyCoin.swift */ = {isa = PBXFileReference; lastKnownFileType = sourcecode.swift; path = MyCoin.swift; sourceTree = "<group>"; };
		42288F0D498FD709A359D28D /* Pods-LifeCycle.release.xcconfig */ = {isa = PBXFileReference; includeInIndex = 1; lastKnownFileType = text.xcconfig; name = "Pods-LifeCycle.release.xcconfig"; path = "Target Support Files/Pods-LifeCycle/Pods-LifeCycle.release.xcconfig"; sourceTree = "<group>"; };
		5B475FEA4BEF809F4AA2A549 /* Pods_LifeCycle.framework */ = {isa = PBXFileReference; explicitFileType = wrapper.framework; includeInIndex = 0; path = Pods_LifeCycle.framework; sourceTree = BUILT_PRODUCTS_DIR; };
		FD44EEFDAAE930BA19694877 /* Pods-LifeCycle.debug.xcconfig */ = {isa = PBXFileReference; includeInIndex = 1; lastKnownFileType = text.xcconfig; name = "Pods-LifeCycle.debug.xcconfig"; path = "Target Support Files/Pods-LifeCycle/Pods-LifeCycle.debug.xcconfig"; sourceTree = "<group>"; };
/* End PBXFileReference section */

/* Begin PBXFrameworksBuildPhase section */
		0083B82125A441AA0057A714 /* Frameworks */ = {
			isa = PBXFrameworksBuildPhase;
			buildActionMask = 2147483647;
			files = (
				36F84B6171E6E6183F8EF4EF /* Pods_LifeCycle.framework in Frameworks */,
			);
			runOnlyForDeploymentPostprocessing = 0;
		};
/* End PBXFrameworksBuildPhase section */

/* Begin PBXGroup section */
		0083B81B25A441AA0057A714 = {
			isa = PBXGroup;
			children = (
				0083B82625A441AA0057A714 /* LifeCycle */,
				0083B82525A441AA0057A714 /* Products */,
				BC55E070035F2BB24BAF288C /* Pods */,
				7AC3511E535180D35899BF68 /* Frameworks */,
			);
			sourceTree = "<group>";
		};
		0083B82525A441AA0057A714 /* Products */ = {
			isa = PBXGroup;
			children = (
				0083B82425A441AA0057A714 /* LifeCycle.app */,
			);
			name = Products;
			sourceTree = "<group>";
		};
		0083B82625A441AA0057A714 /* LifeCycle */ = {
			isa = PBXGroup;
			children = (
				0083B83525A441AC0057A714 /* Info.plist */,
				0083B83025A441AC0057A714 /* Assets.xcassets */,
				0083B82725A441AA0057A714 /* AppDelegate.swift */,
				0083B82925A441AA0057A714 /* SceneDelegate.swift */,
				00C42AD625A7E4C0002E9129 /* Controller */,
				00C42AC225A773D2002E9129 /* Model */,
				00C42AD525A7E4B6002E9129 /* View */,
			);
			path = LifeCycle;
			sourceTree = "<group>";
		};
		00C42AC225A773D2002E9129 /* Model */ = {
			isa = PBXGroup;
			children = (
				00C42AC325A773E3002E9129 /* CoinAPI.swift */,
				00C42AC625A77415002E9129 /* Coin.swift */,
				00C42A8C25A59683002E9129 /* Extensions.swift */,
				00C42AD825AB0BBA002E9129 /* MyCoin.swift */,
			);
			path = Model;
			sourceTree = "<group>";
		};
		00C42AD525A7E4B6002E9129 /* View */ = {
			isa = PBXGroup;
			children = (
				0083B82D25A441AA0057A714 /* Main.storyboard */,
				0083B83225A441AC0057A714 /* LaunchScreen.storyboard */,
				00C42A9D25A75D88002E9129 /* CoinInfoTableViewCell.xib */,
				00C42A9C25A75D88002E9129 /* CoinInfoTableViewCell.swift */,
			);
			path = View;
			sourceTree = "<group>";
		};
		00C42AD625A7E4C0002E9129 /* Controller */ = {
			isa = PBXGroup;
			children = (
				0083B83D25A44F630057A714 /* MyCoinViewController.swift */,
				0083B82B25A441AA0057A714 /* MainViewController.swift */,
			);
			path = Controller;
			sourceTree = "<group>";
		};
		7AC3511E535180D35899BF68 /* Frameworks */ = {
			isa = PBXGroup;
			children = (
				5B475FEA4BEF809F4AA2A549 /* Pods_LifeCycle.framework */,
			);
			name = Frameworks;
			sourceTree = "<group>";
		};
		BC55E070035F2BB24BAF288C /* Pods */ = {
			isa = PBXGroup;
			children = (
				FD44EEFDAAE930BA19694877 /* Pods-LifeCycle.debug.xcconfig */,
				42288F0D498FD709A359D28D /* Pods-LifeCycle.release.xcconfig */,
			);
			path = Pods;
			sourceTree = "<group>";
		};
/* End PBXGroup section */

/* Begin PBXNativeTarget section */
		0083B82325A441AA0057A714 /* LifeCycle */ = {
			isa = PBXNativeTarget;
			buildConfigurationList = 0083B83825A441AC0057A714 /* Build configuration list for PBXNativeTarget "LifeCycle" */;
			buildPhases = (
				51776409BD98D076DEA1C790 /* [CP] Check Pods Manifest.lock */,
				0083B82025A441AA0057A714 /* Sources */,
				0083B82125A441AA0057A714 /* Frameworks */,
				0083B82225A441AA0057A714 /* Resources */,
				692260BC622EA4B20CACE8BD /* [CP] Embed Pods Frameworks */,
			);
			buildRules = (
			);
			dependencies = (
			);
			name = LifeCycle;
			productName = LifeCycle;
			productReference = 0083B82425A441AA0057A714 /* LifeCycle.app */;
			productType = "com.apple.product-type.application";
		};
/* End PBXNativeTarget section */

/* Begin PBXProject section */
		0083B81C25A441AA0057A714 /* Project object */ = {
			isa = PBXProject;
			attributes = {
				LastSwiftUpdateCheck = 1230;
				LastUpgradeCheck = 1230;
				TargetAttributes = {
					0083B82325A441AA0057A714 = {
						CreatedOnToolsVersion = 12.3;
					};
				};
			};
			buildConfigurationList = 0083B81F25A441AA0057A714 /* Build configuration list for PBXProject "LifeCycle" */;
			compatibilityVersion = "Xcode 9.3";
			developmentRegion = en;
			hasScannedForEncodings = 0;
			knownRegions = (
				en,
				Base,
			);
			mainGroup = 0083B81B25A441AA0057A714;
			productRefGroup = 0083B82525A441AA0057A714 /* Products */;
			projectDirPath = "";
			projectRoot = "";
			targets = (
				0083B82325A441AA0057A714 /* LifeCycle */,
			);
		};
/* End PBXProject section */

/* Begin PBXResourcesBuildPhase section */
		0083B82225A441AA0057A714 /* Resources */ = {
			isa = PBXResourcesBuildPhase;
			buildActionMask = 2147483647;
			files = (
				0083B83425A441AC0057A714 /* LaunchScreen.storyboard in Resources */,
				0083B83125A441AC0057A714 /* Assets.xcassets in Resources */,
				00C42A9F25A75D88002E9129 /* CoinInfoTableViewCell.xib in Resources */,
				0083B82F25A441AA0057A714 /* Main.storyboard in Resources */,
			);
			runOnlyForDeploymentPostprocessing = 0;
		};
/* End PBXResourcesBuildPhase section */

/* Begin PBXShellScriptBuildPhase section */
		51776409BD98D076DEA1C790 /* [CP] Check Pods Manifest.lock */ = {
			isa = PBXShellScriptBuildPhase;
			buildActionMask = 2147483647;
			files = (
			);
			inputFileListPaths = (
			);
			inputPaths = (
				"${PODS_PODFILE_DIR_PATH}/Podfile.lock",
				"${PODS_ROOT}/Manifest.lock",
			);
			name = "[CP] Check Pods Manifest.lock";
			outputFileListPaths = (
			);
			outputPaths = (
				"$(DERIVED_FILE_DIR)/Pods-LifeCycle-checkManifestLockResult.txt",
			);
			runOnlyForDeploymentPostprocessing = 0;
			shellPath = /bin/sh;
			shellScript = "diff \"${PODS_PODFILE_DIR_PATH}/Podfile.lock\" \"${PODS_ROOT}/Manifest.lock\" > /dev/null\nif [ $? != 0 ] ; then\n    # print error to STDERR\n    echo \"error: The sandbox is not in sync with the Podfile.lock. Run 'pod install' or update your CocoaPods installation.\" >&2\n    exit 1\nfi\n# This output is used by Xcode 'outputs' to avoid re-running this script phase.\necho \"SUCCESS\" > \"${SCRIPT_OUTPUT_FILE_0}\"\n";
			showEnvVarsInLog = 0;
		};
		692260BC622EA4B20CACE8BD /* [CP] Embed Pods Frameworks */ = {
			isa = PBXShellScriptBuildPhase;
			buildActionMask = 2147483647;
			files = (
			);
			inputFileListPaths = (
				"${PODS_ROOT}/Target Support Files/Pods-LifeCycle/Pods-LifeCycle-frameworks-${CONFIGURATION}-input-files.xcfilelist",
			);
			name = "[CP] Embed Pods Frameworks";
			outputFileListPaths = (
				"${PODS_ROOT}/Target Support Files/Pods-LifeCycle/Pods-LifeCycle-frameworks-${CONFIGURATION}-output-files.xcfilelist",
			);
			runOnlyForDeploymentPostprocessing = 0;
			shellPath = /bin/sh;
			shellScript = "\"${PODS_ROOT}/Target Support Files/Pods-LifeCycle/Pods-LifeCycle-frameworks.sh\"\n";
			showEnvVarsInLog = 0;
		};
/* End PBXShellScriptBuildPhase section */

/* Begin PBXSourcesBuildPhase section */
		0083B82025A441AA0057A714 /* Sources */ = {
			isa = PBXSourcesBuildPhase;
			buildActionMask = 2147483647;
			files = (
				00C42A8D25A59683002E9129 /* Extensions.swift in Sources */,
				0083B82C25A441AA0057A714 /* MainViewController.swift in Sources */,
				0083B82825A441AA0057A714 /* AppDelegate.swift in Sources */,
				0083B82A25A441AA0057A714 /* SceneDelegate.swift in Sources */,
				00C42A9E25A75D88002E9129 /* CoinInfoTableViewCell.swift in Sources */,
				0083B83E25A44F630057A714 /* MyCoinViewController.swift in Sources */,
				00C42AD925AB0BBA002E9129 /* MyCoin.swift in Sources */,
				00C42AC725A77415002E9129 /* Coin.swift in Sources */,
				00C42AC425A773E3002E9129 /* CoinAPI.swift in Sources */,
			);
			runOnlyForDeploymentPostprocessing = 0;
		};
/* End PBXSourcesBuildPhase section */

/* Begin PBXVariantGroup section */
		0083B82D25A441AA0057A714 /* Main.storyboard */ = {
			isa = PBXVariantGroup;
			children = (
				0083B82E25A441AA0057A714 /* Base */,
			);
			name = Main.storyboard;
			sourceTree = "<group>";
		};
		0083B83225A441AC0057A714 /* LaunchScreen.storyboard */ = {
			isa = PBXVariantGroup;
			children = (
				0083B83325A441AC0057A714 /* Base */,
			);
			name = LaunchScreen.storyboard;
			sourceTree = "<group>";
		};
/* End PBXVariantGroup section */

/* Begin XCBuildConfiguration section */
		0083B83625A441AC0057A714 /* Debug */ = {
			isa = XCBuildConfiguration;
			buildSettings = {
				ALWAYS_SEARCH_USER_PATHS = NO;
				CLANG_ANALYZER_NONNULL = YES;
				CLANG_ANALYZER_NUMBER_OBJECT_CONVERSION = YES_AGGRESSIVE;
				CLANG_CXX_LANGUAGE_STANDARD = "gnu++14";
				CLANG_CXX_LIBRARY = "libc++";
				CLANG_ENABLE_MODULES = YES;
				CLANG_ENABLE_OBJC_ARC = YES;
				CLANG_ENABLE_OBJC_WEAK = YES;
				CLANG_WARN_BLOCK_CAPTURE_AUTORELEASING = YES;
				CLANG_WARN_BOOL_CONVERSION = YES;
				CLANG_WARN_COMMA = YES;
				CLANG_WARN_CONSTANT_CONVERSION = YES;
				CLANG_WARN_DEPRECATED_OBJC_IMPLEMENTATIONS = YES;
				CLANG_WARN_DIRECT_OBJC_ISA_USAGE = YES_ERROR;
				CLANG_WARN_DOCUMENTATION_COMMENTS = YES;
				CLANG_WARN_EMPTY_BODY = YES;
				CLANG_WARN_ENUM_CONVERSION = YES;
				CLANG_WARN_INFINITE_RECURSION = YES;
				CLANG_WARN_INT_CONVERSION = YES;
				CLANG_WARN_NON_LITERAL_NULL_CONVERSION = YES;
				CLANG_WARN_OBJC_IMPLICIT_RETAIN_SELF = YES;
				CLANG_WARN_OBJC_LITERAL_CONVERSION = YES;
				CLANG_WARN_OBJC_ROOT_CLASS = YES_ERROR;
				CLANG_WARN_QUOTED_INCLUDE_IN_FRAMEWORK_HEADER = YES;
				CLANG_WARN_RANGE_LOOP_ANALYSIS = YES;
				CLANG_WARN_STRICT_PROTOTYPES = YES;
				CLANG_WARN_SUSPICIOUS_MOVE = YES;
				CLANG_WARN_UNGUARDED_AVAILABILITY = YES_AGGRESSIVE;
				CLANG_WARN_UNREACHABLE_CODE = YES;
				CLANG_WARN__DUPLICATE_METHOD_MATCH = YES;
				COPY_PHASE_STRIP = NO;
				DEBUG_INFORMATION_FORMAT = dwarf;
				ENABLE_STRICT_OBJC_MSGSEND = YES;
				ENABLE_TESTABILITY = YES;
				GCC_C_LANGUAGE_STANDARD = gnu11;
				GCC_DYNAMIC_NO_PIC = NO;
				GCC_NO_COMMON_BLOCKS = YES;
				GCC_OPTIMIZATION_LEVEL = 0;
				GCC_PREPROCESSOR_DEFINITIONS = (
					"DEBUG=1",
					"$(inherited)",
				);
				GCC_WARN_64_TO_32_BIT_CONVERSION = YES;
				GCC_WARN_ABOUT_RETURN_TYPE = YES_ERROR;
				GCC_WARN_UNDECLARED_SELECTOR = YES;
				GCC_WARN_UNINITIALIZED_AUTOS = YES_AGGRESSIVE;
				GCC_WARN_UNUSED_FUNCTION = YES;
				GCC_WARN_UNUSED_VARIABLE = YES;
				IPHONEOS_DEPLOYMENT_TARGET = 14.3;
				MTL_ENABLE_DEBUG_INFO = INCLUDE_SOURCE;
				MTL_FAST_MATH = YES;
				ONLY_ACTIVE_ARCH = YES;
				SDKROOT = iphoneos;
				SWIFT_ACTIVE_COMPILATION_CONDITIONS = DEBUG;
				SWIFT_OPTIMIZATION_LEVEL = "-Onone";
			};
			name = Debug;
		};
		0083B83725A441AC0057A714 /* Release */ = {
			isa = XCBuildConfiguration;
			buildSettings = {
				ALWAYS_SEARCH_USER_PATHS = NO;
				CLANG_ANALYZER_NONNULL = YES;
				CLANG_ANALYZER_NUMBER_OBJECT_CONVERSION = YES_AGGRESSIVE;
				CLANG_CXX_LANGUAGE_STANDARD = "gnu++14";
				CLANG_CXX_LIBRARY = "libc++";
				CLANG_ENABLE_MODULES = YES;
				CLANG_ENABLE_OBJC_ARC = YES;
				CLANG_ENABLE_OBJC_WEAK = YES;
				CLANG_WARN_BLOCK_CAPTURE_AUTORELEASING = YES;
				CLANG_WARN_BOOL_CONVERSION = YES;
				CLANG_WARN_COMMA = YES;
				CLANG_WARN_CONSTANT_CONVERSION = YES;
				CLANG_WARN_DEPRECATED_OBJC_IMPLEMENTATIONS = YES;
				CLANG_WARN_DIRECT_OBJC_ISA_USAGE = YES_ERROR;
				CLANG_WARN_DOCUMENTATION_COMMENTS = YES;
				CLANG_WARN_EMPTY_BODY = YES;
				CLANG_WARN_ENUM_CONVERSION = YES;
				CLANG_WARN_INFINITE_RECURSION = YES;
				CLANG_WARN_INT_CONVERSION = YES;
				CLANG_WARN_NON_LITERAL_NULL_CONVERSION = YES;
				CLANG_WARN_OBJC_IMPLICIT_RETAIN_SELF = YES;
				CLANG_WARN_OBJC_LITERAL_CONVERSION = YES;
				CLANG_WARN_OBJC_ROOT_CLASS = YES_ERROR;
				CLANG_WARN_QUOTED_INCLUDE_IN_FRAMEWORK_HEADER = YES;
				CLANG_WARN_RANGE_LOOP_ANALYSIS = YES;
				CLANG_WARN_STRICT_PROTOTYPES = YES;
				CLANG_WARN_SUSPICIOUS_MOVE = YES;
				CLANG_WARN_UNGUARDED_AVAILABILITY = YES_AGGRESSIVE;
				CLANG_WARN_UNREACHABLE_CODE = YES;
				CLANG_WARN__DUPLICATE_METHOD_MATCH = YES;
				COPY_PHASE_STRIP = NO;
				DEBUG_INFORMATION_FORMAT = "dwarf-with-dsym";
				ENABLE_NS_ASSERTIONS = NO;
				ENABLE_STRICT_OBJC_MSGSEND = YES;
				GCC_C_LANGUAGE_STANDARD = gnu11;
				GCC_NO_COMMON_BLOCKS = YES;
				GCC_WARN_64_TO_32_BIT_CONVERSION = YES;
				GCC_WARN_ABOUT_RETURN_TYPE = YES_ERROR;
				GCC_WARN_UNDECLARED_SELECTOR = YES;
				GCC_WARN_UNINITIALIZED_AUTOS = YES_AGGRESSIVE;
				GCC_WARN_UNUSED_FUNCTION = YES;
				GCC_WARN_UNUSED_VARIABLE = YES;
				IPHONEOS_DEPLOYMENT_TARGET = 14.3;
				MTL_ENABLE_DEBUG_INFO = NO;
				MTL_FAST_MATH = YES;
				SDKROOT = iphoneos;
				SWIFT_COMPILATION_MODE = wholemodule;
				SWIFT_OPTIMIZATION_LEVEL = "-O";
				VALIDATE_PRODUCT = YES;
			};
			name = Release;
		};
		0083B83925A441AC0057A714 /* Debug */ = {
			isa = XCBuildConfiguration;
			baseConfigurationReference = FD44EEFDAAE930BA19694877 /* Pods-LifeCycle.debug.xcconfig */;
			buildSettings = {
				ASSETCATALOG_COMPILER_APPICON_NAME = AppIcon;
				ASSETCATALOG_COMPILER_GLOBAL_ACCENT_COLOR_NAME = AccentColor;
				CODE_SIGN_STYLE = Automatic;
				DEVELOPMENT_TEAM = KQS5CL5P74;
				INFOPLIST_FILE = LifeCycle/Info.plist;
				IPHONEOS_DEPLOYMENT_TARGET = 13.0;
				LD_RUNPATH_SEARCH_PATHS = (
					"$(inherited)",
					"@executable_path/Frameworks",
				);
				PRODUCT_BUNDLE_IDENTIFIER = com.studiofirstzero.LifeCycle;
				PRODUCT_NAME = "$(TARGET_NAME)";
				SWIFT_VERSION = 4.0;
				TARGETED_DEVICE_FAMILY = "1,2";
			};
			name = Debug;
		};
		0083B83A25A441AC0057A714 /* Release */ = {
			isa = XCBuildConfiguration;
			baseConfigurationReference = 42288F0D498FD709A359D28D /* Pods-LifeCycle.release.xcconfig */;
			buildSettings = {
				ASSETCATALOG_COMPILER_APPICON_NAME = AppIcon;
				ASSETCATALOG_COMPILER_GLOBAL_ACCENT_COLOR_NAME = AccentColor;
				CODE_SIGN_STYLE = Automatic;
				DEVELOPMENT_TEAM = KQS5CL5P74;
				INFOPLIST_FILE = LifeCycle/Info.plist;
				IPHONEOS_DEPLOYMENT_TARGET = 13.0;
				LD_RUNPATH_SEARCH_PATHS = (
					"$(inherited)",
					"@executable_path/Frameworks",
				);
				PRODUCT_BUNDLE_IDENTIFIER = com.studiofirstzero.LifeCycle;
				PRODUCT_NAME = "$(TARGET_NAME)";
				SWIFT_VERSION = 4.0;
				TARGETED_DEVICE_FAMILY = "1,2";
			};
			name = Release;
		};
/* End XCBuildConfiguration section */

/* Begin XCConfigurationList section */
		0083B81F25A441AA0057A714 /* Build configuration list for PBXProject "LifeCycle" */ = {
			isa = XCConfigurationList;
			buildConfigurations = (
				0083B83625A441AC0057A714 /* Debug */,
				0083B83725A441AC0057A714 /* Release */,
			);
			defaultConfigurationIsVisible = 0;
			defaultConfigurationName = Release;
		};
		0083B83825A441AC0057A714 /* Build configuration list for PBXNativeTarget "LifeCycle" */ = {
			isa = XCConfigurationList;
			buildConfigurations = (
				0083B83925A441AC0057A714 /* Debug */,
				0083B83A25A441AC0057A714 /* Release */,
			);
			defaultConfigurationIsVisible = 0;
			defaultConfigurationName = Release;
		};
/* End XCConfigurationList section */
	};
	rootObject = 0083B81C25A441AA0057A714 /* Project object */;
}
